
Microsoft Visual Studio Solution File, Format Version 12.00
# Visual Studio 15
VisualStudioVersion = 15.0.27004.2005
MinimumVisualStudioVersion = 10.0.40219.1
Project("{FAE04EC0-301F-11D3-BF4B-00C04F79EFBC}") = "AppliedSysMotors", "AppliedSysMotors\AppliedSysMotors.csproj", "{86950FD2-CB90-4AB7-A7F6-2FF957677A36}"
EndProject
Global
	GlobalSection(SolutionConfigurationPlatforms) = preSolution
		Debug|Any CPU = Debug|Any CPU
		Release|Any CPU = Release|Any CPU
	EndGlobalSection
	GlobalSection(ProjectConfigurationPlatforms) = postSolution
		{86950FD2-CB90-4AB7-A7F6-2FF957677A36}.Debug|Any CPU.ActiveCfg = Debug|Any CPU
		{86950FD2-CB90-4AB7-A7F6-2FF957677A36}.Debug|Any CPU.Build.0 = Debug|Any CPU
		{86950FD2-CB90-4AB7-A7F6-2FF957677A36}.Release|Any CPU.ActiveCfg = Release|Any CPU
		{86950FD2-CB90-4AB7-A7F6-2FF957677A36}.Release|Any CPU.Build.0 = Release|Any CPU
	EndGlobalSection
	GlobalSection(SolutionProperties) = preSolution
		HideSolutionNode = FALSE
	EndGlobalSection
	GlobalSection(ExtensibilityGlobals) = postSolution
		SolutionGuid = {E1599EC6-053E-416B-9103-606C0F0B5F26}
	EndGlobalSection
EndGlobal
